/mnt/lab_data2/kmualim/modified_ABC/apr10_ABC//Prediction_placenta
/EnhancerPredictionsAllPutative.txt.gz
/users/kmualim/updated_ABC/github/ABC-Enhancer-Gene-Prediction/data/ENCODEPortal/workflow/scripts/run_predictions.sh
/users/kmualim/updated_ABC/github/ABC-Enhancer-Gene-Prediction/data/ENCODEPortal/output/input_data_lookup.tsv
/srv/scratch/kmualim/celltype_files/
