/srv/scratch/kmualim/celltype_files/ENCFF611AGL.nodup.bam
/srv/scratch/kmualim/celltype_files/ENCFF615FRI.nodup.bam
/srv/scratch/kmualim/celltype_files/ENCFF890KBJ.nodup.bam
/srv/scratch/kmualim/celltype_files/ENCFF121ZBR.nodup.bam
/srv/scratch/kmualim/celltype_files/ENCFF232UOO.nodup.bam
/srv/scratch/kmualim/celltype_files/ENCFF119VPN.nodup.bam
/srv/scratch/kmualim/celltype_files/ENCFF654DRD.nodup.bam
/srv/scratch/kmualim/celltype_files/ENCFF020GHN.nodup.bam
/srv/scratch/kmualim/celltype_files/ENCFF658ZEV.nodup.bam
/srv/scratch/kmualim/celltype_files/ENCFF635UOX.nodup.bam
/srv/scratch/kmualim/celltype_files/ENCFF186BCI.nodup.bam
/srv/scratch/kmualim/celltype_files/ENCFF949LCP.nodup.bam
/srv/scratch/kmualim/celltype_files/ENCFF717FJE.nodup.bam
/srv/scratch/kmualim/celltype_files/ENCFF767PZY.nodup.bam
/srv/scratch/kmualim/celltype_files/ENCFF495DVW.nodup.bam
/srv/scratch/kmualim/celltype_files/ENCFF686IPU.nodup.bam
/srv/scratch/kmualim/celltype_files/ENCFF073FOD.nodup.bam
/srv/scratch/kmualim/celltype_files/ENCFF791EAA.nodup.bam
/srv/scratch/kmualim/celltype_files/ENCFF500LER.nodup.bam
/srv/scratch/kmualim/celltype_files/ENCFF093GLK.nodup.bam
/srv/scratch/kmualim/celltype_files/ENCFF722OEQ.nodup.bam
/srv/scratch/kmualim/celltype_files/ENCFF585UHM.nodup.bam
/srv/scratch/kmualim/celltype_files/ENCFF871APC.nodup.bam
/srv/scratch/kmualim/celltype_files/ENCFF369DBF.nodup.bam
/srv/scratch/kmualim/celltype_files/ENCFF061BJE.nodup.bam
/srv/scratch/kmualim/celltype_files/ENCFF979KFN.nodup.bam
/srv/scratch/kmualim/celltype_files/ENCFF810JGX.nodup.bam
/srv/scratch/kmualim/celltype_files/ENCFF583XPL.nodup.bam
/srv/scratch/kmualim/celltype_files/ENCFF054ZTY.nodup.bam
/srv/scratch/kmualim/celltype_files/ENCFF736QAD.nodup.bam
/srv/scratch/kmualim/celltype_files/ENCFF154RQQ.nodup.bam
/srv/scratch/kmualim/celltype_files/ENCFF494EYX.nodup.bam
/srv/scratch/kmualim/celltype_files/ENCFF364GVG.nodup.bam
/srv/scratch/kmualim/celltype_files/ENCFF549MOI.nodup.bam
/srv/scratch/kmualim/celltype_files/ENCFF023XQK.nodup.bam
/srv/scratch/kmualim/celltype_files/ENCFF160LMY.nodup.bam
/srv/scratch/kmualim/celltype_files/ENCFF330KKF.nodup.bam
/srv/scratch/kmualim/celltype_files/ENCFF333YDM.nodup.bam
/srv/scratch/kmualim/celltype_files/ENCFF426VNY.nodup.bam
/srv/scratch/kmualim/celltype_files/ENCFF738QWP.nodup.bam
/srv/scratch/kmualim/celltype_files/ENCFF134NUT.nodup.bam
/srv/scratch/kmualim/celltype_files/ENCFF182BVE.nodup.bam
/srv/scratch/kmualim/celltype_files/ENCFF101RXU.nodup.bam
/srv/scratch/kmualim/celltype_files/ENCFF352KRQ.nodup.bam
/srv/scratch/kmualim/celltype_files/ENCFF800ZLW.nodup.bam
/srv/scratch/kmualim/celltype_files/ENCFF031UYH.nodup.bam
/srv/scratch/kmualim/celltype_files/ENCFF439UNT.nodup.bam
/srv/scratch/kmualim/celltype_files/ENCFF859MLZ.nodup.bam
/srv/scratch/kmualim/celltype_files/ENCFF267COY.nodup.bam
/srv/scratch/kmualim/celltype_files/ENCFF701UAW.nodup.bam
/srv/scratch/kmualim/celltype_files/ENCFF306HCU.nodup.bam
/srv/scratch/kmualim/celltype_files/ENCFF555QHE.nodup.bam
/srv/scratch/kmualim/celltype_files/ENCFF796WAK.nodup.bam
/srv/scratch/kmualim/celltype_files/ENCFF397LBU.nodup.bam
/srv/scratch/kmualim/celltype_files/ENCFF703DYP.nodup.bam
/srv/scratch/kmualim/celltype_files/ENCFF512PAT.nodup.bam
/srv/scratch/kmualim/celltype_files/ENCFF796LQN.nodup.bam
/srv/scratch/kmualim/celltype_files/ENCFF349QPC.nodup.bam
/srv/scratch/kmualim/celltype_files/ENCFF746WUF.nodup.bam
/srv/scratch/kmualim/celltype_files/ENCFF667MRJ.nodup.bam
/srv/scratch/kmualim/celltype_files/ENCFF890JQE.nodup.bam
/srv/scratch/kmualim/celltype_files/ENCFF008VCJ.nodup.bam
/srv/scratch/kmualim/celltype_files/ENCFF343CEI.nodup.bam
/srv/scratch/kmualim/celltype_files/ENCFF852QUY.nodup.bam
/srv/scratch/kmualim/celltype_files/ENCFF309RKI.nodup.bam
/srv/scratch/kmualim/celltype_files/ENCFF493ONN.nodup.bam
/srv/scratch/kmualim/celltype_files/ENCFF156XGI.nodup.bam
/srv/scratch/kmualim/celltype_files/ENCFF014ZPA.nodup.bam
/srv/scratch/kmualim/celltype_files/ENCFF032YRW.nodup.bam
/srv/scratch/kmualim/celltype_files/ENCFF904SUV.nodup.bam
/srv/scratch/kmualim/celltype_files/ENCFF467OYK.nodup.bam
/srv/scratch/kmualim/celltype_files/ENCFF794BQM.nodup.bam
/srv/scratch/kmualim/celltype_files/ENCFF663QIV.nodup.bam
/srv/scratch/kmualim/celltype_files/ENCFF659MZH.nodup.bam
/srv/scratch/kmualim/celltype_files/ENCFF783EIR.nodup.bam
/srv/scratch/kmualim/celltype_files/ENCFF678XNA.nodup.bam
/srv/scratch/kmualim/celltype_files/ENCFF216WEZ.nodup.bam
/srv/scratch/kmualim/celltype_files/ENCFF568IND.nodup.bam
/srv/scratch/kmualim/celltype_files/ENCFF245HUN.nodup.bam
/srv/scratch/kmualim/celltype_files/ENCFF376UNW.nodup.bam
/srv/scratch/kmualim/celltype_files/ENCFF688JIJ.nodup.bam
/srv/scratch/kmualim/celltype_files/ENCFF068IAM.nodup.bam
/srv/scratch/kmualim/celltype_files/ENCFF056XAZ.nodup.bam
/srv/scratch/kmualim/celltype_files/ENCFF775ZJX.nodup.bam
/srv/scratch/kmualim/celltype_files/ENCFF783ZLL.nodup.bam
/srv/scratch/kmualim/celltype_files/ENCFF150FCA.nodup.bam
/srv/scratch/kmualim/celltype_files/ENCFF632MUJ.nodup.bam
/srv/scratch/kmualim/celltype_files/ENCFF553RKG.nodup.bam
/srv/scratch/kmualim/celltype_files/ENCFF645ZIJ.nodup.bam
/srv/scratch/kmualim/celltype_files/ENCFF837CAM.nodup.bam
/srv/scratch/kmualim/celltype_files/ENCFF295OEK.nodup.bam
/srv/scratch/kmualim/celltype_files/ENCFF780FKA.nodup.bam
/srv/scratch/kmualim/celltype_files/ENCFF418HYD.nodup.bam
/srv/scratch/kmualim/celltype_files/ENCFF175LYA.nodup.bam
/srv/scratch/kmualim/celltype_files/ENCFF074KIH.nodup.bam
/srv/scratch/kmualim/celltype_files/ENCFF227VKS.nodup.bam
/srv/scratch/kmualim/celltype_files/ENCFF371NCW.nodup.bam
/srv/scratch/kmualim/celltype_files/ENCFF999WJD.nodup.bam
/srv/scratch/kmualim/celltype_files/ENCFF086ZJO.nodup.bam
/srv/scratch/kmualim/celltype_files/ENCFF679ZBQ.nodup.bam
/srv/scratch/kmualim/celltype_files/ENCFF636FHS.nodup.bam
/srv/scratch/kmualim/celltype_files/ENCFF065WZW.nodup.bam
/srv/scratch/kmualim/celltype_files/ENCFF067LVL.nodup.bam
/srv/scratch/kmualim/celltype_files/ENCFF148JEQ.nodup.bam
/srv/scratch/kmualim/celltype_files/ENCFF971APS.nodup.bam
/srv/scratch/kmualim/celltype_files/ENCFF792JOV.nodup.bam
/srv/scratch/kmualim/celltype_files/ENCFF561KHG.nodup.bam
/srv/scratch/kmualim/celltype_files/ENCFF146ADR.nodup.bam
/srv/scratch/kmualim/celltype_files/ENCFF085BXU.nodup.bam
/srv/scratch/kmualim/celltype_files/ENCFF264LLE.nodup.bam
/srv/scratch/kmualim/celltype_files/ENCFF591NPU.nodup.bam
/srv/scratch/kmualim/celltype_files/ENCFF512AWR.nodup.bam
/srv/scratch/kmualim/celltype_files/ENCFF224XWI.nodup.bam
/srv/scratch/kmualim/celltype_files/ENCFF719KCS.nodup.bam
/srv/scratch/kmualim/celltype_files/ENCFF127FDA.nodup.bam
/srv/scratch/kmualim/celltype_files/ENCFF347QEH.nodup.bam
/srv/scratch/kmualim/celltype_files/ENCFF149PAO.nodup.bam
/srv/scratch/kmualim/celltype_files/ENCFF315TUQ.nodup.bam
/srv/scratch/kmualim/celltype_files/ENCFF397UIC.nodup.bam
/srv/scratch/kmualim/celltype_files/ENCFF487IUY.nodup.bam
/srv/scratch/kmualim/celltype_files/ENCFF840GSK.nodup.bam
/srv/scratch/kmualim/celltype_files/ENCFF520GKJ.nodup.bam
/srv/scratch/kmualim/celltype_files/ENCFF070VVE.nodup.bam
/srv/scratch/kmualim/celltype_files/ENCFF105TQM.nodup.bam
/srv/scratch/kmualim/celltype_files/ENCFF801XJB.nodup.bam
/srv/scratch/kmualim/celltype_files/ENCFF526MEX.nodup.bam
/srv/scratch/kmualim/celltype_files/ENCFF166VUE.nodup.bam
/srv/scratch/kmualim/celltype_files/ENCFF304DEU.nodup.bam
/srv/scratch/kmualim/celltype_files/ENCFF321KQV.nodup.bam
/srv/scratch/kmualim/celltype_files/ENCFF412UIS.nodup.bam
/srv/scratch/kmualim/celltype_files/ENCFF173JBS.nodup.bam
/srv/scratch/kmualim/celltype_files/ENCFF702VVT.nodup.bam
/srv/scratch/kmualim/celltype_files/ENCFF797DTI.nodup.bam
/srv/scratch/kmualim/celltype_files/ENCFF770EET.nodup.bam
/srv/scratch/kmualim/celltype_files/ENCFF907RMB.nodup.bam
/srv/scratch/kmualim/celltype_files/ENCFF931TNN.nodup.bam
/srv/scratch/kmualim/celltype_files/ENCFF691SIL.nodup.bam
/srv/scratch/kmualim/celltype_files/ENCFF564HCA.nodup.bam
/srv/scratch/kmualim/celltype_files/ENCFF947LCB.nodup.bam
/srv/scratch/kmualim/celltype_files/ENCFF681UTE.nodup.bam
/srv/scratch/kmualim/celltype_files/ENCFF527YHK.nodup.bam
/srv/scratch/kmualim/celltype_files/ENCFF739QCZ.nodup.bam
/srv/scratch/kmualim/celltype_files/ENCFF469VSO.nodup.bam
/srv/scratch/kmualim/celltype_files/ENCFF203BEH.nodup.bam
/srv/scratch/kmualim/celltype_files/ENCFF504HES.nodup.bam
/srv/scratch/kmualim/celltype_files/ENCFF552WWJ.nodup.bam
/srv/scratch/kmualim/celltype_files/ENCFF854QWS.nodup.bam
/srv/scratch/kmualim/celltype_files/ENCFF039NMI.nodup.bam
/srv/scratch/kmualim/celltype_files/ENCFF948KBN.nodup.bam
/srv/scratch/kmualim/celltype_files/ENCFF444JCD.nodup.bam
/srv/scratch/kmualim/celltype_files/ENCFF115XXO.nodup.bam
/srv/scratch/kmualim/celltype_files/ENCFF137NDD.nodup.bam
/srv/scratch/kmualim/celltype_files/ENCFF604OIM.nodup.bam
/srv/scratch/kmualim/celltype_files/ENCFF902URC.nodup.bam
/srv/scratch/kmualim/celltype_files/ENCFF923SKV.nodup.bam
/srv/scratch/kmualim/celltype_files/ENCFF867ALU.nodup.bam
/srv/scratch/kmualim/celltype_files/ENCFF783TMX.nodup.bam
/srv/scratch/kmualim/celltype_files/ENCFF461OFW.nodup.bam
/srv/scratch/kmualim/celltype_files/ENCFF938VVP.nodup.bam
/srv/scratch/kmualim/celltype_files/ENCFF162GBJ.nodup.bam
/srv/scratch/kmualim/celltype_files/ENCFF322XDC.nodup.bam
/srv/scratch/kmualim/celltype_files/ENCFF453NMY.nodup.bam
/srv/scratch/kmualim/celltype_files/ENCFF818BFC.nodup.bam
/srv/scratch/kmualim/celltype_files/ENCFF757PTA.nodup.bam
/srv/scratch/kmualim/celltype_files/ENCFF562WAK.nodup.bam
/srv/scratch/kmualim/celltype_files/ENCFF235MHS.nodup.bam
/srv/scratch/kmualim/celltype_files/ENCFF502OCP.nodup.bam
/srv/scratch/kmualim/celltype_files/ENCFF179KEO.nodup.bam
/srv/scratch/kmualim/celltype_files/ENCFF391ZRU.nodup.bam
/srv/scratch/kmualim/celltype_files/ENCFF863QYT.nodup.bam
/srv/scratch/kmualim/celltype_files/ENCFF110IZT.nodup.bam
/srv/scratch/kmualim/celltype_files/ENCFF339UWC.nodup.bam
/srv/scratch/kmualim/celltype_files/ENCFF150TMB.nodup.bam
/srv/scratch/kmualim/celltype_files/ENCFF148CSB.nodup.bam
/srv/scratch/kmualim/celltype_files/ENCFF427DFD.nodup.bam
/srv/scratch/kmualim/celltype_files/ENCFF192DFJ.nodup.bam
/srv/scratch/kmualim/celltype_files/ENCFF312WPD.nodup.bam
/srv/scratch/kmualim/celltype_files/ENCFF937ITN.nodup.bam
/srv/scratch/kmualim/celltype_files/ENCFF862FLN.nodup.bam
/srv/scratch/kmualim/celltype_files/ENCFF671XQD.nodup.bam
/srv/scratch/kmualim/celltype_files/ENCFF440KYQ.nodup.bam
/srv/scratch/kmualim/celltype_files/ENCFF580OVY.nodup.bam
/srv/scratch/kmualim/celltype_files/ENCFF688CCE.nodup.bam
/srv/scratch/kmualim/celltype_files/ENCFF535CKI.nodup.bam
/srv/scratch/kmualim/celltype_files/ENCFF080PCQ.nodup.bam
/srv/scratch/kmualim/celltype_files/ENCFF869UXS.nodup.bam
/srv/scratch/kmualim/celltype_files/ENCFF420RVK.nodup.bam
/srv/scratch/kmualim/celltype_files/ENCFF826DJP.nodup.bam
/srv/scratch/kmualim/celltype_files/ENCFF869SQU.nodup.bam
/srv/scratch/kmualim/celltype_files/ENCFF610NNF.nodup.bam
/srv/scratch/kmualim/celltype_files/ENCFF603EHL.nodup.bam
/srv/scratch/kmualim/celltype_files/ENCFF833RVB.nodup.bam
/srv/scratch/kmualim/celltype_files/ENCFF625NFJ.nodup.bam
/srv/scratch/kmualim/celltype_files/ENCFF610BZR.nodup.bam
/srv/scratch/kmualim/celltype_files/ENCFF991GGR.nodup.bam
/srv/scratch/kmualim/celltype_files/ENCFF052FAL.nodup.bam
/srv/scratch/kmualim/celltype_files/ENCFF172LZS.nodup.bam
/srv/scratch/kmualim/celltype_files/ENCFF138GZP.nodup.bam
/srv/scratch/kmualim/celltype_files/ENCFF502LIU.nodup.bam
/srv/scratch/kmualim/celltype_files/ENCFF612IRW.nodup.bam
/srv/scratch/kmualim/celltype_files/ENCFF179ENM.nodup.bam
/srv/scratch/kmualim/celltype_files/ENCFF175COB.nodup.bam
/srv/scratch/kmualim/celltype_files/ENCFF933ZOD.nodup.bam
/srv/scratch/kmualim/celltype_files/ENCFF556JGQ.nodup.bam
/srv/scratch/kmualim/celltype_files/ENCFF042NYM.nodup.bam
/srv/scratch/kmualim/celltype_files/ENCFF291HHS.nodup.bam
/srv/scratch/kmualim/celltype_files/ENCFF081DDV.nodup.bam
/srv/scratch/kmualim/celltype_files/ENCFF540LTJ.nodup.bam
/srv/scratch/kmualim/celltype_files/ENCFF393ESE.nodup.bam
/srv/scratch/kmualim/celltype_files/ENCFF049EOL.nodup.bam
/srv/scratch/kmualim/celltype_files/ENCFF885JWN.nodup.bam
/srv/scratch/kmualim/celltype_files/ENCFF805JFJ.nodup.bam
/srv/scratch/kmualim/celltype_files/ENCFF360MOV.nodup.bam
/srv/scratch/kmualim/celltype_files/ENCFF335LRI.nodup.bam
/srv/scratch/kmualim/celltype_files/ENCFF982BOE.nodup.bam
/srv/scratch/kmualim/celltype_files/ENCFF374OLB.nodup.bam
/srv/scratch/kmualim/celltype_files/ENCFF943RFS.nodup.bam
/srv/scratch/kmualim/celltype_files/ENCFF195YMX.nodup.bam
/srv/scratch/kmualim/celltype_files/ENCFF618QIM.nodup.bam
/srv/scratch/kmualim/celltype_files/ENCFF130IBQ.nodup.bam
/srv/scratch/kmualim/celltype_files/ENCFF639QXV.nodup.bam
/srv/scratch/kmualim/celltype_files/ENCFF718RYE.nodup.bam
/srv/scratch/kmualim/celltype_files/ENCFF070MRW.nodup.bam
/srv/scratch/kmualim/celltype_files/ENCFF916YRN.nodup.bam
/srv/scratch/kmualim/celltype_files/ENCFF062XGN.nodup.bam
/srv/scratch/kmualim/celltype_files/ENCFF150HRE.nodup.bam
/srv/scratch/kmualim/celltype_files/ENCFF521ZHZ.nodup.bam
/srv/scratch/kmualim/celltype_files/ENCFF598TVO.nodup.bam
/srv/scratch/kmualim/celltype_files/ENCFF641GBA.nodup.bam
/srv/scratch/kmualim/celltype_files/ENCFF025PCK.nodup.bam
/srv/scratch/kmualim/celltype_files/ENCFF715SUA.nodup.bam
/srv/scratch/kmualim/celltype_files/ENCFF593IAM.nodup.bam
/srv/scratch/kmualim/celltype_files/ENCFF882PRP.nodup.bam
/srv/scratch/kmualim/celltype_files/ENCFF197QHX.nodup.bam
/srv/scratch/kmualim/celltype_files/ENCFF226TTG.nodup.bam
/srv/scratch/kmualim/celltype_files/ENCFF807ANX.nodup.bam
/srv/scratch/kmualim/celltype_files/ENCFF153SMW.nodup.bam
/srv/scratch/kmualim/celltype_files/ENCFF647QMO.nodup.bam
/srv/scratch/kmualim/celltype_files/ENCFF322LRL.nodup.bam
/srv/scratch/kmualim/celltype_files/ENCFF203OKU.nodup.bam
/srv/scratch/kmualim/celltype_files/ENCFF757FUA.nodup.bam
/srv/scratch/kmualim/celltype_files/ENCFF629PMN.nodup.bam
/srv/scratch/kmualim/celltype_files/ENCFF452ZIB.nodup.bam
/srv/scratch/kmualim/celltype_files/ENCFF615XCI.nodup.bam
/srv/scratch/kmualim/celltype_files/ENCFF643HON.nodup.bam
/srv/scratch/kmualim/celltype_files/ENCFF091NPG.nodup.bam
/srv/scratch/kmualim/celltype_files/ENCFF046QRA.nodup.bam
/srv/scratch/kmualim/celltype_files/ENCFF386QCT.nodup.bam
/srv/scratch/kmualim/celltype_files/ENCFF166CLO.nodup.bam
/srv/scratch/kmualim/celltype_files/ENCFF109JOK.nodup.bam
/srv/scratch/kmualim/celltype_files/ENCFF710FQT.nodup.bam
/srv/scratch/kmualim/celltype_files/ENCFF925XNY.nodup.bam
/srv/scratch/kmualim/celltype_files/ENCFF107IFK.nodup.bam
/srv/scratch/kmualim/celltype_files/ENCFF635SNH.nodup.bam
/srv/scratch/kmualim/celltype_files/ENCFF809UKI.nodup.bam
/srv/scratch/kmualim/celltype_files/ENCFF447ERD.nodup.bam
/srv/scratch/kmualim/celltype_files/ENCFF470HNQ.nodup.bam
/srv/scratch/kmualim/celltype_files/ENCFF530VND.nodup.bam
/srv/scratch/kmualim/celltype_files/ENCFF331CWZ.nodup.bam
/srv/scratch/kmualim/celltype_files/ENCFF191ITJ.nodup.bam
/srv/scratch/kmualim/celltype_files/ENCFF191RAO.nodup.bam
/srv/scratch/kmualim/celltype_files/ENCFF184UEN.nodup.bam
/srv/scratch/kmualim/celltype_files/ENCFF611MTD.nodup.bam
/srv/scratch/kmualim/celltype_files/ENCFF012NGZ.nodup.bam
/srv/scratch/kmualim/celltype_files/ENCFF860KII.nodup.bam
/srv/scratch/kmualim/celltype_files/ENCFF250TIL.nodup.bam
/srv/scratch/kmualim/celltype_files/ENCFF739WLH.nodup.bam
/srv/scratch/kmualim/celltype_files/ENCFF819ZAF.nodup.bam
/srv/scratch/kmualim/celltype_files/ENCFF970ZBI.nodup.bam
/srv/scratch/kmualim/celltype_files/ENCFF711OFK.nodup.bam
/srv/scratch/kmualim/celltype_files/ENCFF623AQQ.nodup.bam
/srv/scratch/kmualim/celltype_files/ENCFF998QZR.nodup.bam
/srv/scratch/kmualim/celltype_files/ENCFF774ZCQ.nodup.bam
/srv/scratch/kmualim/celltype_files/ENCFF936OFA.nodup.bam
/srv/scratch/kmualim/celltype_files/ENCFF995OXQ.nodup.bam
/srv/scratch/kmualim/celltype_files/ENCFF625XET.nodup.bam
/srv/scratch/kmualim/celltype_files/ENCFF024NTE.nodup.bam
/srv/scratch/kmualim/celltype_files/ENCFF072ZDB.nodup.bam
/srv/scratch/kmualim/celltype_files/ENCFF907JBE.nodup.bam
/srv/scratch/kmualim/celltype_files/ENCFF986JEU.nodup.bam
/srv/scratch/kmualim/celltype_files/ENCFF728UTH.nodup.bam
/srv/scratch/kmualim/celltype_files/ENCFF790MCM.nodup.bam
/srv/scratch/kmualim/celltype_files/ENCFF265ODN.nodup.bam
/srv/scratch/kmualim/celltype_files/ENCFF895XUG.nodup.bam
/srv/scratch/kmualim/celltype_files/ENCFF775ONB.nodup.bam
/srv/scratch/kmualim/celltype_files/ENCFF930EEK.nodup.bam
/srv/scratch/kmualim/celltype_files/ENCFF683SWA.nodup.bam
/srv/scratch/kmualim/celltype_files/ENCFF795IVM.nodup.bam
/srv/scratch/kmualim/celltype_files/ENCFF329WJV.nodup.bam
/srv/scratch/kmualim/celltype_files/ENCFF407QBM.nodup.bam
/srv/scratch/kmualim/celltype_files/ENCFF709DQN.nodup.bam
/srv/scratch/kmualim/celltype_files/ENCFF641PJD.nodup.bam
/srv/scratch/kmualim/celltype_files/ENCFF641DUI.nodup.bam
/srv/scratch/kmualim/celltype_files/ENCFF067OBZ.nodup.bam
/srv/scratch/kmualim/celltype_files/ENCFF378YBF.nodup.bam
/srv/scratch/kmualim/celltype_files/ENCFF336HUM.nodup.bam
/srv/scratch/kmualim/celltype_files/ENCFF053GYS.nodup.bam
/srv/scratch/kmualim/celltype_files/ENCFF623HXA.nodup.bam
/srv/scratch/kmualim/celltype_files/ENCFF617DIU.nodup.bam
/srv/scratch/kmualim/celltype_files/ENCFF152QOQ.nodup.bam
/srv/scratch/kmualim/celltype_files/ENCFF038JMC.nodup.bam
/srv/scratch/kmualim/celltype_files/ENCFF465JNC.nodup.bam
/srv/scratch/kmualim/celltype_files/ENCFF052RXC.nodup.bam
/srv/scratch/kmualim/celltype_files/ENCFF638JUP.nodup.bam
/srv/scratch/kmualim/celltype_files/ENCFF208LPX.nodup.bam
/srv/scratch/kmualim/celltype_files/ENCFF948TVI.nodup.bam
/srv/scratch/kmualim/celltype_files/ENCFF661NZB.nodup.bam
/srv/scratch/kmualim/celltype_files/ENCFF518KCX.nodup.bam
/srv/scratch/kmualim/celltype_files/ENCFF885HKU.nodup.bam
/srv/scratch/kmualim/celltype_files/ENCFF093KYN.nodup.bam
/srv/scratch/kmualim/celltype_files/ENCFF821BHR.nodup.bam
/srv/scratch/kmualim/celltype_files/ENCFF986MXJ.nodup.bam
/srv/scratch/kmualim/celltype_files/ENCFF232NSN.nodup.bam
/srv/scratch/kmualim/celltype_files/ENCFF063OFD.nodup.bam
/srv/scratch/kmualim/celltype_files/ENCFF977XML.nodup.bam
/srv/scratch/kmualim/celltype_files/ENCFF757GIT.nodup.bam
/srv/scratch/kmualim/celltype_files/ENCFF361XGU.nodup.bam
/srv/scratch/kmualim/celltype_files/ENCFF548YRU.nodup.bam
/srv/scratch/kmualim/celltype_files/ENCFF855RCK.nodup.bam
/srv/scratch/kmualim/celltype_files/ENCFF761EUR.nodup.bam
/srv/scratch/kmualim/celltype_files/ENCFF794OWI.nodup.bam
/srv/scratch/kmualim/celltype_files/ENCFF039ZOY.nodup.bam
/srv/scratch/kmualim/celltype_files/ENCFF994MOQ.nodup.bam
/srv/scratch/kmualim/celltype_files/ENCFF046PRU.nodup.bam
/srv/scratch/kmualim/celltype_files/ENCFF328PWM.nodup.bam
/srv/scratch/kmualim/celltype_files/ENCFF850HGQ.nodup.bam
/srv/scratch/kmualim/celltype_files/ENCFF273XJE.nodup.bam
/srv/scratch/kmualim/celltype_files/ENCFF377BNX.nodup.bam
/srv/scratch/kmualim/celltype_files/ENCFF066AQB.nodup.bam
/srv/scratch/kmualim/celltype_files/ENCFF814JSE.nodup.bam
/srv/scratch/kmualim/celltype_files/ENCFF818VJD.nodup.bam
/srv/scratch/kmualim/celltype_files/ENCFF133BCN.nodup.bam
/srv/scratch/kmualim/celltype_files/ENCFF542EXN.nodup.bam
/srv/scratch/kmualim/celltype_files/ENCFF834JHG.nodup.bam
/srv/scratch/kmualim/celltype_files/ENCFF852BKE.nodup.bam
/srv/scratch/kmualim/celltype_files/ENCFF455ITO.nodup.bam
/srv/scratch/kmualim/celltype_files/ENCFF549QTQ.nodup.bam
/srv/scratch/kmualim/celltype_files/ENCFF093GVO.nodup.bam
/srv/scratch/kmualim/celltype_files/ENCFF070PWH.nodup.bam
/srv/scratch/kmualim/celltype_files/ENCFF384ZZM.nodup.bam
/srv/scratch/kmualim/celltype_files/ENCFF843EAG.nodup.bam
/srv/scratch/kmualim/celltype_files/ENCFF134XAW.nodup.bam
/srv/scratch/kmualim/celltype_files/ENCFF461HDD.nodup.bam
/srv/scratch/kmualim/celltype_files/ENCFF366YNM.nodup.bam
/srv/scratch/kmualim/celltype_files/ENCFF807VEH.nodup.bam
/srv/scratch/kmualim/celltype_files/ENCFF674SDM.nodup.bam
/srv/scratch/kmualim/celltype_files/ENCFF688WGV.nodup.bam
/srv/scratch/kmualim/celltype_files/ENCFF721HIJ.nodup.bam
/srv/scratch/kmualim/celltype_files/ENCFF119ZDZ.nodup.bam
/srv/scratch/kmualim/celltype_files/ENCFF671FAG.nodup.bam
/srv/scratch/kmualim/celltype_files/ENCFF303LNR.nodup.bam
/srv/scratch/kmualim/celltype_files/ENCFF840CMQ.nodup.bam
/srv/scratch/kmualim/celltype_files/ENCFF386MOE.nodup.bam
/srv/scratch/kmualim/celltype_files/ENCFF637QJT.nodup.bam
/srv/scratch/kmualim/celltype_files/ENCFF849KFW.nodup.bam
/srv/scratch/kmualim/celltype_files/ENCFF047GDD.nodup.bam
/srv/scratch/kmualim/celltype_files/ENCFF824HIQ.nodup.bam
/srv/scratch/kmualim/celltype_files/ENCFF079DIA.nodup.bam
/srv/scratch/kmualim/celltype_files/ENCFF239PAA.nodup.bam
/srv/scratch/kmualim/celltype_files/ENCFF830WUI.nodup.bam
/srv/scratch/kmualim/celltype_files/ENCFF947JJX.nodup.bam
/srv/scratch/kmualim/celltype_files/ENCFF925IAZ.nodup.bam
/srv/scratch/kmualim/celltype_files/ENCFF342NVV.nodup.bam
/srv/scratch/kmualim/celltype_files/ENCFF733TOJ.nodup.bam
/srv/scratch/kmualim/celltype_files/ENCFF717VXE.nodup.bam
/srv/scratch/kmualim/celltype_files/ENCFF117XJZ.nodup.bam
/srv/scratch/kmualim/celltype_files/ENCFF164FND.nodup.bam
/srv/scratch/kmualim/celltype_files/ENCFF850MQA.nodup.bam
/srv/scratch/kmualim/celltype_files/ENCFF223DYB.nodup.bam
/srv/scratch/kmualim/celltype_files/ENCFF508UMT.nodup.bam
/srv/scratch/kmualim/celltype_files/ENCFF564EPQ.nodup.bam
/srv/scratch/kmualim/celltype_files/ENCFF506YDW.nodup.bam
/srv/scratch/kmualim/celltype_files/ENCFF955GFR.nodup.bam
/srv/scratch/kmualim/celltype_files/ENCFF404WCX.nodup.bam
/srv/scratch/kmualim/celltype_files/ENCFF899KZV.nodup.bam
/srv/scratch/kmualim/celltype_files/ENCFF628NNB.nodup.bam
/srv/scratch/kmualim/celltype_files/ENCFF317XQR.nodup.bam
/srv/scratch/kmualim/celltype_files/ENCFF485QGB.nodup.bam
/srv/scratch/kmualim/celltype_files/ENCFF618BBD.nodup.bam
/srv/scratch/kmualim/celltype_files/ENCFF399RUK.nodup.bam
/srv/scratch/kmualim/celltype_files/ENCFF639EGR.nodup.bam
/srv/scratch/kmualim/celltype_files/ENCFF260RQA.nodup.bam
/srv/scratch/kmualim/celltype_files/ENCFF538APS.nodup.bam
/srv/scratch/kmualim/celltype_files/ENCFF037BUO.nodup.bam
/srv/scratch/kmualim/celltype_files/ENCFF126FRB.nodup.bam
/srv/scratch/kmualim/celltype_files/ENCFF535AIK.nodup.bam
/srv/scratch/kmualim/celltype_files/ENCFF767YLX.nodup.bam
/srv/scratch/kmualim/celltype_files/ENCFF125NMY.nodup.bam
/srv/scratch/kmualim/celltype_files/ENCFF080ODR.nodup.bam
/srv/scratch/kmualim/celltype_files/ENCFF364PAM.nodup.bam
/srv/scratch/kmualim/celltype_files/ENCFF823CSZ.nodup.bam
/srv/scratch/kmualim/celltype_files/ENCFF009QKI.nodup.bam
/srv/scratch/kmualim/celltype_files/ENCFF246TZC.nodup.bam
/srv/scratch/kmualim/celltype_files/ENCFF345SWP.nodup.bam
/srv/scratch/kmualim/celltype_files/ENCFF612WGP.nodup.bam
/srv/scratch/kmualim/celltype_files/ENCFF562NOM.nodup.bam
/srv/scratch/kmualim/celltype_files/ENCFF211SWY.nodup.bam
/srv/scratch/kmualim/celltype_files/ENCFF338HOC.nodup.bam
/srv/scratch/kmualim/celltype_files/ENCFF347NVE.nodup.bam
/srv/scratch/kmualim/celltype_files/ENCFF100JEN.nodup.bam
/srv/scratch/kmualim/celltype_files/ENCFF384LZD.nodup.bam
/srv/scratch/kmualim/celltype_files/ENCFF769FMU_pooled_nodup.bam
/srv/scratch/kmualim/celltype_files/ENCFF200VKT_pooled_nodup.bam
/srv/scratch/kmualim/celltype_files/ENCFF449KIC_pooled_nodup.bam
/srv/scratch/kmualim/celltype_files/ENCFF056YZX_pooled_nodup.bam
/srv/scratch/kmualim/celltype_files/ENCFF172LZS_pooled_nodup.bam
/srv/scratch/kmualim/celltype_files/ENCFF138GZP_pooled_nodup.bam
/srv/scratch/kmualim/celltype_files/ENCFF322LRL_pooled_nodup.bam
/srv/scratch/kmualim/celltype_files/ENCFF203OKU_pooled_nodup.bam
/srv/scratch/kmualim/celltype_files/ENCFF638JUP_pooled_nodup.bam
/srv/scratch/kmualim/celltype_files/ENCFF208LPX_pooled_nodup.bam
/srv/scratch/kmualim/celltype_files/ENCFF683SWA_pooled_nodup.bam
/srv/scratch/kmualim/celltype_files/ENCFF795IVM_pooled_nodup.bam
/srv/scratch/kmualim/celltype_files/ENCFF775ONB_pooled_nodup.bam
/srv/scratch/kmualim/celltype_files/ENCFF930EEK_pooled_nodup.bam
/srv/scratch/kmualim/celltype_files/ENCFF637QJT_pooled_nodup.bam
/srv/scratch/kmualim/celltype_files/ENCFF849KFW_pooled_nodup.bam
/srv/scratch/kmualim/celltype_files/ENCFF342NVV_pooled_nodup.bam
/srv/scratch/kmualim/celltype_files/ENCFF733TOJ_pooled_nodup.bam
/srv/scratch/kmualim/celltype_files/ENCFF087MEP_pooled_nodup.bam
/srv/scratch/kmualim/celltype_files/ENCFF762JOI_pooled_nodup.bam
/srv/scratch/kmualim/celltype_files/ENCFF303LNR_pooled_nodup.bam
/srv/scratch/kmualim/celltype_files/ENCFF840CMQ_pooled_nodup.bam
/srv/scratch/kmualim/celltype_files/ENCFF386MOE_pooled_nodup.bam
/srv/scratch/kmualim/celltype_files/ENCFF535AIK_pooled_nodup.bam
/srv/scratch/kmualim/celltype_files/ENCFF767YLX_pooled_nodup.bam
/srv/scratch/kmualim/celltype_files/ENCFF461HDD_pooled_nodup.bam
/srv/scratch/kmualim/celltype_files/ENCFF366YNM_pooled_nodup.bam
/srv/scratch/kmualim/celltype_files/ENCFF850MQA_pooled_nodup.bam
/srv/scratch/kmualim/celltype_files/ENCFF223DYB_pooled_nodup.bam
/srv/scratch/kmualim/celltype_files/ENCFF843EAG_pooled_nodup.bam
/srv/scratch/kmualim/celltype_files/ENCFF134XAW_pooled_nodup.bam
/srv/scratch/kmualim/celltype_files/ENCFF399RUK_pooled_nodup.bam
/srv/scratch/kmualim/celltype_files/ENCFF639EGR_pooled_nodup.bam
/srv/scratch/kmualim/celltype_files/ENCFF037BUO_pooled_nodup.bam
/srv/scratch/kmualim/celltype_files/ENCFF506YDW_pooled_nodup.bam
/srv/scratch/kmualim/celltype_files/ENCFF955GFR_pooled_nodup.bam
/srv/scratch/kmualim/celltype_files/ENCFF769FMU.nodup.bam
/srv/scratch/kmualim/celltype_files/ENCFF200VKT.nodup.bam

/srv/scratch/kmualim/celltype_files/ENCFF449KIC.nodup.bam
/srv/scratch/kmualim/celltype_files/ENCFF056YZX.nodup.bam

/srv/scratch/kmualim/celltype_files/ENCFF172LZS.nodup.bam
/srv/scratch/kmualim/celltype_files/ENCFF138GZP.nodup.bam

/srv/scratch/kmualim/celltype_files/ENCFF322LRL.nodup.bam
/srv/scratch/kmualim/celltype_files/ENCFF203OKU.nodup.bam

/srv/scratch/kmualim/celltype_files/ENCFF638JUP.nodup.bam
/srv/scratch/kmualim/celltype_files/ENCFF208LPX.nodup.bam

/srv/scratch/kmualim/celltype_files/ENCFF683SWA.nodup.bam
/srv/scratch/kmualim/celltype_files/ENCFF795IVM.nodup.bam

/srv/scratch/kmualim/celltype_files/ENCFF775ONB.nodup.bam
/srv/scratch/kmualim/celltype_files/ENCFF930EEK.nodup.bam

/srv/scratch/kmualim/celltype_files/ENCFF637QJT.nodup.bam
/srv/scratch/kmualim/celltype_files/ENCFF849KFW.nodup.bam

/srv/scratch/kmualim/celltype_files/ENCFF342NVV.nodup.bam
/srv/scratch/kmualim/celltype_files/ENCFF733TOJ.nodup.bam

/srv/scratch/kmualim/celltype_files/ENCFF087MEP.nodup.bam
/srv/scratch/kmualim/celltype_files/ENCFF762JOI.nodup.bam

/srv/scratch/kmualim/celltype_files/ENCFF303LNR.nodup.bam
/srv/scratch/kmualim/celltype_files/ENCFF840CMQ.nodup.bam
/srv/scratch/kmualim/celltype_files/ENCFF386MOE.nodup.bam

/srv/scratch/kmualim/celltype_files/ENCFF535AIK.nodup.bam
/srv/scratch/kmualim/celltype_files/ENCFF767YLX.nodup.bam

/srv/scratch/kmualim/celltype_files/ENCFF461HDD.nodup.bam
/srv/scratch/kmualim/celltype_files/ENCFF366YNM.nodup.bam

/srv/scratch/kmualim/celltype_files/ENCFF850MQA.nodup.bam
/srv/scratch/kmualim/celltype_files/ENCFF223DYB.nodup.bam

/srv/scratch/kmualim/celltype_files/ENCFF843EAG.nodup.bam
/srv/scratch/kmualim/celltype_files/ENCFF134XAW.nodup.bam

/srv/scratch/kmualim/celltype_files/ENCFF399RUK.nodup.bam
/srv/scratch/kmualim/celltype_files/ENCFF639EGR.nodup.bam
/srv/scratch/kmualim/celltype_files/ENCFF037BUO.nodup.bam

/srv/scratch/kmualim/celltype_files/ENCFF506YDW.nodup.bam
/srv/scratch/kmualim/celltype_files/ENCFF955GFR.nodup.bam

